
Microsoft Visual Studio Solution File, Format Version 12.00
# Visual Studio Version 17
VisualStudioVersion = 17.3.32929.385
MinimumVisualStudioVersion = 10.0.40219.1
Project("{FAE04EC0-301F-11D3-BF4B-00C04F79EFBC}") = "ApiHc", "ApiHc\ApiHc.csproj", "{DB1019F4-F195-49B6-B0BF-D7B8746C9838}"
EndProject
Global
	GlobalSection(SolutionConfigurationPlatforms) = preSolution
		Debug|Any CPU = Debug|Any CPU
		Release|Any CPU = Release|Any CPU
	EndGlobalSection
	GlobalSection(ProjectConfigurationPlatforms) = postSolution
		{DB1019F4-F195-49B6-B0BF-D7B8746C9838}.Debug|Any CPU.ActiveCfg = Debug|Any CPU
		{DB1019F4-F195-49B6-B0BF-D7B8746C9838}.Debug|Any CPU.Build.0 = Debug|Any CPU
		{DB1019F4-F195-49B6-B0BF-D7B8746C9838}.Release|Any CPU.ActiveCfg = Release|Any CPU
		{DB1019F4-F195-49B6-B0BF-D7B8746C9838}.Release|Any CPU.Build.0 = Release|Any CPU
	EndGlobalSection
	GlobalSection(SolutionProperties) = preSolution
		HideSolutionNode = FALSE
	EndGlobalSection
	GlobalSection(ExtensibilityGlobals) = postSolution
		SolutionGuid = {8B390B70-80C7-445C-86D8-493E7FEEB4EF}
	EndGlobalSection
EndGlobal
